
Microsoft Visual Studio Solution File, Format Version 12.00
# Visual Studio 15
VisualStudioVersion = 15.0.28010.2050
MinimumVisualStudioVersion = 10.0.40219.1
Project("{FAE04EC0-301F-11D3-BF4B-00C04F79EFBC}") = "TestBDDAcademia.Specs", "TestBDDAcademia.Specs\TestBDDAcademia.Specs.csproj", "{EE8DD267-AA16-4939-A11A-065F09BC071D}"
EndProject
Project("{FAE04EC0-301F-11D3-BF4B-00C04F79EFBC}") = "Gym", "Gym\Gym.csproj", "{9215B07C-EB51-406B-8362-C598CFD22796}"
EndProject
Global
	GlobalSection(SolutionConfigurationPlatforms) = preSolution
		Debug|Any CPU = Debug|Any CPU
		Release|Any CPU = Release|Any CPU
	EndGlobalSection
	GlobalSection(ProjectConfigurationPlatforms) = postSolution
		{EE8DD267-AA16-4939-A11A-065F09BC071D}.Debug|Any CPU.ActiveCfg = Debug|Any CPU
		{EE8DD267-AA16-4939-A11A-065F09BC071D}.Debug|Any CPU.Build.0 = Debug|Any CPU
		{EE8DD267-AA16-4939-A11A-065F09BC071D}.Release|Any CPU.ActiveCfg = Release|Any CPU
		{EE8DD267-AA16-4939-A11A-065F09BC071D}.Release|Any CPU.Build.0 = Release|Any CPU
		{9215B07C-EB51-406B-8362-C598CFD22796}.Debug|Any CPU.ActiveCfg = Debug|Any CPU
		{9215B07C-EB51-406B-8362-C598CFD22796}.Debug|Any CPU.Build.0 = Debug|Any CPU
		{9215B07C-EB51-406B-8362-C598CFD22796}.Release|Any CPU.ActiveCfg = Release|Any CPU
		{9215B07C-EB51-406B-8362-C598CFD22796}.Release|Any CPU.Build.0 = Release|Any CPU
	EndGlobalSection
	GlobalSection(SolutionProperties) = preSolution
		HideSolutionNode = FALSE
	EndGlobalSection
	GlobalSection(ExtensibilityGlobals) = postSolution
		SolutionGuid = {99FFD375-F7BD-4C86-9949-D150A214E4C2}
	EndGlobalSection
EndGlobal
